
Microsoft Visual Studio Solution File, Format Version 12.00
# Visual Studio Version 17
VisualStudioVersion = 17.14.36221.1
MinimumVisualStudioVersion = 10.0.40219.1
Project("{FAE04EC0-301F-11D3-BF4B-00C04F79EFBC}") = "PriceList.Core", "backend\PriceList.Core\PriceList.Core.csproj", "{8DDB4C51-E4A4-4207-AECB-04729E5D5F0D}"
EndProject
Project("{FAE04EC0-301F-11D3-BF4B-00C04F79EFBC}") = "PriceList.Infrastructure", "backend\PriceList.Infrastructure\PriceList.Infrastructure.csproj", "{1BE6E667-C4EE-4F81-89A5-CA38DC00535F}"
EndProject
Project("{FAE04EC0-301F-11D3-BF4B-00C04F79EFBC}") = "PriceList.Api", "backend\PriceList.Api\PriceList.Api.csproj", "{C089D4B8-4B0B-49B3-839A-1BC7DF77C0ED}"
EndProject
Project("{2150E333-8FDC-42A3-9474-1A3956D46DE8}") = "Solution Items", "Solution Items", "{02EA681E-C7D8-13C7-8484-4AC65E1B71E8}"
	ProjectSection(SolutionItems) = preProject
		.editorconfig = .editorconfig
	EndProjectSection
EndProject
Global
	GlobalSection(SolutionConfigurationPlatforms) = preSolution
		Debug|Any CPU = Debug|Any CPU
		Release|Any CPU = Release|Any CPU
	EndGlobalSection
	GlobalSection(ProjectConfigurationPlatforms) = postSolution
		{8DDB4C51-E4A4-4207-AECB-04729E5D5F0D}.Debug|Any CPU.ActiveCfg = Debug|Any CPU
		{8DDB4C51-E4A4-4207-AECB-04729E5D5F0D}.Debug|Any CPU.Build.0 = Debug|Any CPU
		{8DDB4C51-E4A4-4207-AECB-04729E5D5F0D}.Release|Any CPU.ActiveCfg = Release|Any CPU
		{8DDB4C51-E4A4-4207-AECB-04729E5D5F0D}.Release|Any CPU.Build.0 = Release|Any CPU
		{1BE6E667-C4EE-4F81-89A5-CA38DC00535F}.Debug|Any CPU.ActiveCfg = Debug|Any CPU
		{1BE6E667-C4EE-4F81-89A5-CA38DC00535F}.Debug|Any CPU.Build.0 = Debug|Any CPU
		{1BE6E667-C4EE-4F81-89A5-CA38DC00535F}.Release|Any CPU.ActiveCfg = Release|Any CPU
		{1BE6E667-C4EE-4F81-89A5-CA38DC00535F}.Release|Any CPU.Build.0 = Release|Any CPU
		{C089D4B8-4B0B-49B3-839A-1BC7DF77C0ED}.Debug|Any CPU.ActiveCfg = Debug|Any CPU
		{C089D4B8-4B0B-49B3-839A-1BC7DF77C0ED}.Debug|Any CPU.Build.0 = Debug|Any CPU
		{C089D4B8-4B0B-49B3-839A-1BC7DF77C0ED}.Release|Any CPU.ActiveCfg = Release|Any CPU
		{C089D4B8-4B0B-49B3-839A-1BC7DF77C0ED}.Release|Any CPU.Build.0 = Release|Any CPU
	EndGlobalSection
	GlobalSection(SolutionProperties) = preSolution
		HideSolutionNode = FALSE
	EndGlobalSection
	GlobalSection(ExtensibilityGlobals) = postSolution
		SolutionGuid = {762F8578-7368-4704-906C-380994ED0F6E}
	EndGlobalSection
EndGlobal
